// !$*UTF8*$!
{
	archiveVersion = 1;
	classes = {
	};
	objectVersion = 55;
	objects = {

/* Begin PBXBuildFile section */
		B22168B80949CBFC71F5E2FF /* Pods_ngePet.framework in Frameworks */ = {isa = PBXBuildFile; fileRef = 876706756D9AA87B6DBA7B5D /* Pods_ngePet.framework */; };
		F608DEAD28407B6C00432695 /* Preview Assets.xcassets in Resources */ = {isa = PBXBuildFile; fileRef = F608DEAC28407B6C00432695 /* Preview Assets.xcassets */; };
		F608DEB428407C6700432695 /* GoogleService-Info.plist in Resources */ = {isa = PBXBuildFile; fileRef = F608DEB328407C6700432695 /* GoogleService-Info.plist */; };
		F608DEBC28407D2C00432695 /* MPLUSRounded1c-Bold.ttf in Resources */ = {isa = PBXBuildFile; fileRef = F608DEB828407D2C00432695 /* MPLUSRounded1c-Bold.ttf */; };
		F608DEBD28407D2C00432695 /* MPLUSRounded1c-ExtraBold.ttf in Resources */ = {isa = PBXBuildFile; fileRef = F608DEB928407D2C00432695 /* MPLUSRounded1c-ExtraBold.ttf */; };
		F608DEBE28407D2C00432695 /* MPLUSRounded1c-Medium.ttf in Resources */ = {isa = PBXBuildFile; fileRef = F608DEBA28407D2C00432695 /* MPLUSRounded1c-Medium.ttf */; };
		F608DEBF28407D2C00432695 /* MPLUSRounded1c-Regular.ttf in Resources */ = {isa = PBXBuildFile; fileRef = F608DEBB28407D2C00432695 /* MPLUSRounded1c-Regular.ttf */; };
		F608DEE528407DDD00432695 /* Assets.xcassets in Resources */ = {isa = PBXBuildFile; fileRef = F608DEC328407DDC00432695 /* Assets.xcassets */; };
		F608DEE628407DDD00432695 /* ngePetApp.swift in Sources */ = {isa = PBXBuildFile; fileRef = F608DEC428407DDD00432695 /* ngePetApp.swift */; };
		F608DEE728407DDD00432695 /* BelanjaView.swift in Sources */ = {isa = PBXBuildFile; fileRef = F608DEC628407DDD00432695 /* BelanjaView.swift */; };
		F608DEE828407DDD00432695 /* PostingForumView.swift in Sources */ = {isa = PBXBuildFile; fileRef = F608DEC728407DDD00432695 /* PostingForumView.swift */; };
		F608DEE928407DDD00432695 /* ProfileView.swift in Sources */ = {isa = PBXBuildFile; fileRef = F608DEC828407DDD00432695 /* ProfileView.swift */; };
		F608DEEA28407DDD00432695 /* MessageRoomView.swift in Sources */ = {isa = PBXBuildFile; fileRef = F608DEC928407DDD00432695 /* MessageRoomView.swift */; };
		F608DEEB28407DDD00432695 /* LoginView.swift in Sources */ = {isa = PBXBuildFile; fileRef = F608DECA28407DDD00432695 /* LoginView.swift */; };
		F608DEEC28407DDD00432695 /* AddPetView.swift in Sources */ = {isa = PBXBuildFile; fileRef = F608DECB28407DDD00432695 /* AddPetView.swift */; };
		F608DEED28407DDD00432695 /* ParentProfileView.swift in Sources */ = {isa = PBXBuildFile; fileRef = F608DECC28407DDD00432695 /* ParentProfileView.swift */; };
		F608DEEE28407DDD00432695 /* HomeView.swift in Sources */ = {isa = PBXBuildFile; fileRef = F608DECD28407DDD00432695 /* HomeView.swift */; };
		F608DEEF28407DDD00432695 /* DoctorView.swift in Sources */ = {isa = PBXBuildFile; fileRef = F608DECE28407DDD00432695 /* DoctorView.swift */; };
		F608DEF028407DDD00432695 /* CsutomTextField.swift in Sources */ = {isa = PBXBuildFile; fileRef = F608DECF28407DDD00432695 /* CsutomTextField.swift */; };
		F608DEF128407DDD00432695 /* MainView.swift in Sources */ = {isa = PBXBuildFile; fileRef = F608DED028407DDD00432695 /* MainView.swift */; };
		F608DEF228407DDD00432695 /* ForumView.swift in Sources */ = {isa = PBXBuildFile; fileRef = F608DED128407DDD00432695 /* ForumView.swift */; };
		F608DEF328407DDD00432695 /* AdopsiView.swift in Sources */ = {isa = PBXBuildFile; fileRef = F608DED228407DDD00432695 /* AdopsiView.swift */; };
		F608DEF428407DDD00432695 /* PetshopView.swift in Sources */ = {isa = PBXBuildFile; fileRef = F608DED328407DDD00432695 /* PetshopView.swift */; };
		F608DEF528407DDD00432695 /* PetCardView.swift in Sources */ = {isa = PBXBuildFile; fileRef = F608DED428407DDD00432695 /* PetCardView.swift */; };
		F608DEF628407DDD00432695 /* MessagesListView.swift in Sources */ = {isa = PBXBuildFile; fileRef = F608DED528407DDD00432695 /* MessagesListView.swift */; };
		F608DEF728407DDD00432695 /* DisplayPetshopCard.swift in Sources */ = {isa = PBXBuildFile; fileRef = F608DED728407DDD00432695 /* DisplayPetshopCard.swift */; };
		F608DEF828407DDD00432695 /* MessageList.swift in Sources */ = {isa = PBXBuildFile; fileRef = F608DED828407DDD00432695 /* MessageList.swift */; };
		F608DEF928407DDD00432695 /* MiniAnimalCard.swift in Sources */ = {isa = PBXBuildFile; fileRef = F608DED928407DDD00432695 /* MiniAnimalCard.swift */; };
		F608DEFA28407DDD00432695 /* BelanjaCard.swift in Sources */ = {isa = PBXBuildFile; fileRef = F608DEDA28407DDD00432695 /* BelanjaCard.swift */; };
		F608DEFB28407DDD00432695 /* DisplayAdoptCard.swift in Sources */ = {isa = PBXBuildFile; fileRef = F608DEDB28407DDD00432695 /* DisplayAdoptCard.swift */; };
		F608DEFC28407DDD00432695 /* SearchBar.swift in Sources */ = {isa = PBXBuildFile; fileRef = F608DEDC28407DDD00432695 /* SearchBar.swift */; };
		F608DEFD28407DDD00432695 /* AnimalCard.swift in Sources */ = {isa = PBXBuildFile; fileRef = F608DEDD28407DDD00432695 /* AnimalCard.swift */; };
		F608DEFE28407DDD00432695 /* ArticleBadge.swift in Sources */ = {isa = PBXBuildFile; fileRef = F608DEDE28407DDD00432695 /* ArticleBadge.swift */; };
		F608DEFF28407DDD00432695 /* AdopsiCard.swift in Sources */ = {isa = PBXBuildFile; fileRef = F608DEDF28407DDD00432695 /* AdopsiCard.swift */; };
		F608DF0028407DDD00432695 /* ForumCard.swift in Sources */ = {isa = PBXBuildFile; fileRef = F608DEE028407DDD00432695 /* ForumCard.swift */; };
		F608DF0128407DDD00432695 /* ImagePicker.swift in Sources */ = {isa = PBXBuildFile; fileRef = F608DEE328407DDD00432695 /* ImagePicker.swift */; };
		F608DF0228407DDD00432695 /* ContentView.swift in Sources */ = {isa = PBXBuildFile; fileRef = F608DEE428407DDD00432695 /* ContentView.swift */; };
		F608DF052840825800432695 /* SDWebImageSwiftUI in Frameworks */ = {isa = PBXBuildFile; productRef = F608DF042840825800432695 /* SDWebImageSwiftUI */; };
		F608DF082840AA9A00432695 /* MessagesListViewModel.swift in Sources */ = {isa = PBXBuildFile; fileRef = F608DF072840AA9900432695 /* MessagesListViewModel.swift */; };
		F608DF0A2840B06800432695 /* FirebaseManager.swift in Sources */ = {isa = PBXBuildFile; fileRef = F608DF092840B06800432695 /* FirebaseManager.swift */; };
		F608DF0C2840B52F00432695 /* MessageModel.swift in Sources */ = {isa = PBXBuildFile; fileRef = F608DF0B2840B52F00432695 /* MessageModel.swift */; };
		F608DF102840CFB800432695 /* DoctorListView.swift in Sources */ = {isa = PBXBuildFile; fileRef = F608DF0F2840CFB800432695 /* DoctorListView.swift */; };
		F608DF122840D02F00432695 /* TransactionHistoryView.swift in Sources */ = {isa = PBXBuildFile; fileRef = F608DF112840D02F00432695 /* TransactionHistoryView.swift */; };
		F608DF142840D49500432695 /* CreateNewMessageViewModel.swift in Sources */ = {isa = PBXBuildFile; fileRef = F608DF132840D49500432695 /* CreateNewMessageViewModel.swift */; };
		F6455F5E2841163B00B1A92E /* DoctorCard.swift in Sources */ = {isa = PBXBuildFile; fileRef = F6455F5D2841163B00B1A92E /* DoctorCard.swift */; };
		F6455F602841373C00B1A92E /* MessageRoomViewModel.swift in Sources */ = {isa = PBXBuildFile; fileRef = F6455F5F2841373B00B1A92E /* MessageRoomViewModel.swift */; };
		F6455F622841D59C00B1A92E /* BubbleChat.swift in Sources */ = {isa = PBXBuildFile; fileRef = F6455F612841D59C00B1A92E /* BubbleChat.swift */; };
		F6455F642841E1F900B1A92E /* RecentMessageModel.swift in Sources */ = {isa = PBXBuildFile; fileRef = F6455F632841E1F900B1A92E /* RecentMessageModel.swift */; };
		F6455F66284226F900B1A92E /* ArticleModel.swift in Sources */ = {isa = PBXBuildFile; fileRef = F6455F65284226F900B1A92E /* ArticleModel.swift */; };
		F6455F682842282100B1A92E /* ArticleViewModel.swift in Sources */ = {isa = PBXBuildFile; fileRef = F6455F672842282100B1A92E /* ArticleViewModel.swift */; };
		F6455F6A28422FAC00B1A92E /* PetshopModel.swift in Sources */ = {isa = PBXBuildFile; fileRef = F6455F6928422FAC00B1A92E /* PetshopModel.swift */; };
		F6455F6C284232E900B1A92E /* PetshopViewModel.swift in Sources */ = {isa = PBXBuildFile; fileRef = F6455F6B284232E900B1A92E /* PetshopViewModel.swift */; };
		F6B87E242842DD4B0028C324 /* ProductDetailView.swift in Sources */ = {isa = PBXBuildFile; fileRef = F6B87E232842DD4B0028C324 /* ProductDetailView.swift */; };
		F6B87E262842E9D40028C324 /* TransaksiSukses.swift in Sources */ = {isa = PBXBuildFile; fileRef = F6B87E252842E9D40028C324 /* TransaksiSukses.swift */; };
		F6B87E282842F1530028C324 /* AdoptDetailView.swift in Sources */ = {isa = PBXBuildFile; fileRef = F6B87E272842F1520028C324 /* AdoptDetailView.swift */; };
		F6B87E2A2842F8020028C324 /* DoctorDetailView.swift in Sources */ = {isa = PBXBuildFile; fileRef = F6B87E292842F8020028C324 /* DoctorDetailView.swift */; };
/* End PBXBuildFile section */

/* Begin PBXFileReference section */
		22123D3FD30FCE545611D9E2 /* Pods-ngePet.debug.xcconfig */ = {isa = PBXFileReference; includeInIndex = 1; lastKnownFileType = text.xcconfig; name = "Pods-ngePet.debug.xcconfig"; path = "Target Support Files/Pods-ngePet/Pods-ngePet.debug.xcconfig"; sourceTree = "<group>"; };
		80A505FD76123FD466A0B52D /* Pods-ngePet.release.xcconfig */ = {isa = PBXFileReference; includeInIndex = 1; lastKnownFileType = text.xcconfig; name = "Pods-ngePet.release.xcconfig"; path = "Target Support Files/Pods-ngePet/Pods-ngePet.release.xcconfig"; sourceTree = "<group>"; };
		876706756D9AA87B6DBA7B5D /* Pods_ngePet.framework */ = {isa = PBXFileReference; explicitFileType = wrapper.framework; includeInIndex = 0; path = Pods_ngePet.framework; sourceTree = BUILT_PRODUCTS_DIR; };
		F608DEA228407B6800432695 /* ngePet.app */ = {isa = PBXFileReference; explicitFileType = wrapper.application; includeInIndex = 0; path = ngePet.app; sourceTree = BUILT_PRODUCTS_DIR; };
		F608DEAC28407B6C00432695 /* Preview Assets.xcassets */ = {isa = PBXFileReference; lastKnownFileType = folder.assetcatalog; path = "Preview Assets.xcassets"; sourceTree = "<group>"; };
		F608DEB328407C6700432695 /* GoogleService-Info.plist */ = {isa = PBXFileReference; fileEncoding = 4; lastKnownFileType = text.plist.xml; path = "GoogleService-Info.plist"; sourceTree = "<group>"; };
		F608DEB828407D2C00432695 /* MPLUSRounded1c-Bold.ttf */ = {isa = PBXFileReference; lastKnownFileType = file; path = "MPLUSRounded1c-Bold.ttf"; sourceTree = "<group>"; };
		F608DEB928407D2C00432695 /* MPLUSRounded1c-ExtraBold.ttf */ = {isa = PBXFileReference; lastKnownFileType = file; path = "MPLUSRounded1c-ExtraBold.ttf"; sourceTree = "<group>"; };
		F608DEBA28407D2C00432695 /* MPLUSRounded1c-Medium.ttf */ = {isa = PBXFileReference; lastKnownFileType = file; path = "MPLUSRounded1c-Medium.ttf"; sourceTree = "<group>"; };
		F608DEBB28407D2C00432695 /* MPLUSRounded1c-Regular.ttf */ = {isa = PBXFileReference; lastKnownFileType = file; path = "MPLUSRounded1c-Regular.ttf"; sourceTree = "<group>"; };
		F608DEC028407DDC00432695 /* ngePet-Bridging-Header.h */ = {isa = PBXFileReference; lastKnownFileType = sourcecode.c.h; path = "ngePet-Bridging-Header.h"; sourceTree = "<group>"; };
		F608DEC328407DDC00432695 /* Assets.xcassets */ = {isa = PBXFileReference; lastKnownFileType = folder.assetcatalog; path = Assets.xcassets; sourceTree = "<group>"; };
		F608DEC428407DDD00432695 /* ngePetApp.swift */ = {isa = PBXFileReference; fileEncoding = 4; lastKnownFileType = sourcecode.swift; path = ngePetApp.swift; sourceTree = "<group>"; };
		F608DEC628407DDD00432695 /* BelanjaView.swift */ = {isa = PBXFileReference; fileEncoding = 4; lastKnownFileType = sourcecode.swift; path = BelanjaView.swift; sourceTree = "<group>"; };
		F608DEC728407DDD00432695 /* PostingForumView.swift */ = {isa = PBXFileReference; fileEncoding = 4; lastKnownFileType = sourcecode.swift; path = PostingForumView.swift; sourceTree = "<group>"; };
		F608DEC828407DDD00432695 /* ProfileView.swift */ = {isa = PBXFileReference; fileEncoding = 4; lastKnownFileType = sourcecode.swift; path = ProfileView.swift; sourceTree = "<group>"; };
		F608DEC928407DDD00432695 /* MessageRoomView.swift */ = {isa = PBXFileReference; fileEncoding = 4; lastKnownFileType = sourcecode.swift; path = MessageRoomView.swift; sourceTree = "<group>"; };
		F608DECA28407DDD00432695 /* LoginView.swift */ = {isa = PBXFileReference; fileEncoding = 4; lastKnownFileType = sourcecode.swift; path = LoginView.swift; sourceTree = "<group>"; };
		F608DECB28407DDD00432695 /* AddPetView.swift */ = {isa = PBXFileReference; fileEncoding = 4; lastKnownFileType = sourcecode.swift; path = AddPetView.swift; sourceTree = "<group>"; };
		F608DECC28407DDD00432695 /* ParentProfileView.swift */ = {isa = PBXFileReference; fileEncoding = 4; lastKnownFileType = sourcecode.swift; path = ParentProfileView.swift; sourceTree = "<group>"; };
		F608DECD28407DDD00432695 /* HomeView.swift */ = {isa = PBXFileReference; fileEncoding = 4; lastKnownFileType = sourcecode.swift; path = HomeView.swift; sourceTree = "<group>"; };
		F608DECE28407DDD00432695 /* DoctorView.swift */ = {isa = PBXFileReference; fileEncoding = 4; lastKnownFileType = sourcecode.swift; path = DoctorView.swift; sourceTree = "<group>"; };
		F608DECF28407DDD00432695 /* CsutomTextField.swift */ = {isa = PBXFileReference; fileEncoding = 4; lastKnownFileType = sourcecode.swift; path = CsutomTextField.swift; sourceTree = "<group>"; };
		F608DED028407DDD00432695 /* MainView.swift */ = {isa = PBXFileReference; fileEncoding = 4; lastKnownFileType = sourcecode.swift; path = MainView.swift; sourceTree = "<group>"; };
		F608DED128407DDD00432695 /* ForumView.swift */ = {isa = PBXFileReference; fileEncoding = 4; lastKnownFileType = sourcecode.swift; path = ForumView.swift; sourceTree = "<group>"; };
		F608DED228407DDD00432695 /* AdopsiView.swift */ = {isa = PBXFileReference; fileEncoding = 4; lastKnownFileType = sourcecode.swift; path = AdopsiView.swift; sourceTree = "<group>"; };
		F608DED328407DDD00432695 /* PetshopView.swift */ = {isa = PBXFileReference; fileEncoding = 4; lastKnownFileType = sourcecode.swift; path = PetshopView.swift; sourceTree = "<group>"; };
		F608DED428407DDD00432695 /* PetCardView.swift */ = {isa = PBXFileReference; fileEncoding = 4; lastKnownFileType = sourcecode.swift; path = PetCardView.swift; sourceTree = "<group>"; };
		F608DED528407DDD00432695 /* MessagesListView.swift */ = {isa = PBXFileReference; fileEncoding = 4; lastKnownFileType = sourcecode.swift; path = MessagesListView.swift; sourceTree = "<group>"; };
		F608DED728407DDD00432695 /* DisplayPetshopCard.swift */ = {isa = PBXFileReference; fileEncoding = 4; lastKnownFileType = sourcecode.swift; path = DisplayPetshopCard.swift; sourceTree = "<group>"; };
		F608DED828407DDD00432695 /* MessageList.swift */ = {isa = PBXFileReference; fileEncoding = 4; lastKnownFileType = sourcecode.swift; path = MessageList.swift; sourceTree = "<group>"; };
		F608DED928407DDD00432695 /* MiniAnimalCard.swift */ = {isa = PBXFileReference; fileEncoding = 4; lastKnownFileType = sourcecode.swift; path = MiniAnimalCard.swift; sourceTree = "<group>"; };
		F608DEDA28407DDD00432695 /* BelanjaCard.swift */ = {isa = PBXFileReference; fileEncoding = 4; lastKnownFileType = sourcecode.swift; path = BelanjaCard.swift; sourceTree = "<group>"; };
		F608DEDB28407DDD00432695 /* DisplayAdoptCard.swift */ = {isa = PBXFileReference; fileEncoding = 4; lastKnownFileType = sourcecode.swift; path = DisplayAdoptCard.swift; sourceTree = "<group>"; };
		F608DEDC28407DDD00432695 /* SearchBar.swift */ = {isa = PBXFileReference; fileEncoding = 4; lastKnownFileType = sourcecode.swift; path = SearchBar.swift; sourceTree = "<group>"; };
		F608DEDD28407DDD00432695 /* AnimalCard.swift */ = {isa = PBXFileReference; fileEncoding = 4; lastKnownFileType = sourcecode.swift; path = AnimalCard.swift; sourceTree = "<group>"; };
		F608DEDE28407DDD00432695 /* ArticleBadge.swift */ = {isa = PBXFileReference; fileEncoding = 4; lastKnownFileType = sourcecode.swift; path = ArticleBadge.swift; sourceTree = "<group>"; };
		F608DEDF28407DDD00432695 /* AdopsiCard.swift */ = {isa = PBXFileReference; fileEncoding = 4; lastKnownFileType = sourcecode.swift; path = AdopsiCard.swift; sourceTree = "<group>"; };
		F608DEE028407DDD00432695 /* ForumCard.swift */ = {isa = PBXFileReference; fileEncoding = 4; lastKnownFileType = sourcecode.swift; path = ForumCard.swift; sourceTree = "<group>"; };
		F608DEE328407DDD00432695 /* ImagePicker.swift */ = {isa = PBXFileReference; fileEncoding = 4; lastKnownFileType = sourcecode.swift; path = ImagePicker.swift; sourceTree = "<group>"; };
		F608DEE428407DDD00432695 /* ContentView.swift */ = {isa = PBXFileReference; fileEncoding = 4; lastKnownFileType = sourcecode.swift; path = ContentView.swift; sourceTree = "<group>"; };
		F608DF062840832600432695 /* Info.plist */ = {isa = PBXFileReference; lastKnownFileType = text.plist; path = Info.plist; sourceTree = "<group>"; };
		F608DF072840AA9900432695 /* MessagesListViewModel.swift */ = {isa = PBXFileReference; lastKnownFileType = sourcecode.swift; path = MessagesListViewModel.swift; sourceTree = "<group>"; };
		F608DF092840B06800432695 /* FirebaseManager.swift */ = {isa = PBXFileReference; lastKnownFileType = sourcecode.swift; path = FirebaseManager.swift; sourceTree = "<group>"; };
		F608DF0B2840B52F00432695 /* MessageModel.swift */ = {isa = PBXFileReference; lastKnownFileType = sourcecode.swift; path = MessageModel.swift; sourceTree = "<group>"; };
		F608DF0F2840CFB800432695 /* DoctorListView.swift */ = {isa = PBXFileReference; lastKnownFileType = sourcecode.swift; path = DoctorListView.swift; sourceTree = "<group>"; };
		F608DF112840D02F00432695 /* TransactionHistoryView.swift */ = {isa = PBXFileReference; lastKnownFileType = sourcecode.swift; path = TransactionHistoryView.swift; sourceTree = "<group>"; };
		F608DF132840D49500432695 /* CreateNewMessageViewModel.swift */ = {isa = PBXFileReference; lastKnownFileType = sourcecode.swift; path = CreateNewMessageViewModel.swift; sourceTree = "<group>"; };
		F6455F5D2841163B00B1A92E /* DoctorCard.swift */ = {isa = PBXFileReference; lastKnownFileType = sourcecode.swift; path = DoctorCard.swift; sourceTree = "<group>"; };
		F6455F5F2841373B00B1A92E /* MessageRoomViewModel.swift */ = {isa = PBXFileReference; lastKnownFileType = sourcecode.swift; path = MessageRoomViewModel.swift; sourceTree = "<group>"; };
		F6455F612841D59C00B1A92E /* BubbleChat.swift */ = {isa = PBXFileReference; lastKnownFileType = sourcecode.swift; path = BubbleChat.swift; sourceTree = "<group>"; };
		F6455F632841E1F900B1A92E /* RecentMessageModel.swift */ = {isa = PBXFileReference; lastKnownFileType = sourcecode.swift; path = RecentMessageModel.swift; sourceTree = "<group>"; };
		F6455F65284226F900B1A92E /* ArticleModel.swift */ = {isa = PBXFileReference; lastKnownFileType = sourcecode.swift; path = ArticleModel.swift; sourceTree = "<group>"; };
		F6455F672842282100B1A92E /* ArticleViewModel.swift */ = {isa = PBXFileReference; lastKnownFileType = sourcecode.swift; path = ArticleViewModel.swift; sourceTree = "<group>"; };
		F6455F6928422FAC00B1A92E /* PetshopModel.swift */ = {isa = PBXFileReference; lastKnownFileType = sourcecode.swift; path = PetshopModel.swift; sourceTree = "<group>"; };
		F6455F6B284232E900B1A92E /* PetshopViewModel.swift */ = {isa = PBXFileReference; lastKnownFileType = sourcecode.swift; path = PetshopViewModel.swift; sourceTree = "<group>"; };
		F6B87E232842DD4B0028C324 /* ProductDetailView.swift */ = {isa = PBXFileReference; lastKnownFileType = sourcecode.swift; path = ProductDetailView.swift; sourceTree = "<group>"; };
		F6B87E252842E9D40028C324 /* TransaksiSukses.swift */ = {isa = PBXFileReference; lastKnownFileType = sourcecode.swift; path = TransaksiSukses.swift; sourceTree = "<group>"; };
		F6B87E272842F1520028C324 /* AdoptDetailView.swift */ = {isa = PBXFileReference; lastKnownFileType = sourcecode.swift; path = AdoptDetailView.swift; sourceTree = "<group>"; };
		F6B87E292842F8020028C324 /* DoctorDetailView.swift */ = {isa = PBXFileReference; lastKnownFileType = sourcecode.swift; path = DoctorDetailView.swift; sourceTree = "<group>"; };
/* End PBXFileReference section */

/* Begin PBXFrameworksBuildPhase section */
		F608DE9F28407B6800432695 /* Frameworks */ = {
			isa = PBXFrameworksBuildPhase;
			buildActionMask = 2147483647;
			files = (
				F608DF052840825800432695 /* SDWebImageSwiftUI in Frameworks */,
				B22168B80949CBFC71F5E2FF /* Pods_ngePet.framework in Frameworks */,
			);
			runOnlyForDeploymentPostprocessing = 0;
		};
/* End PBXFrameworksBuildPhase section */

/* Begin PBXGroup section */
		62900674BFA34AAFD139605C /* Frameworks */ = {
			isa = PBXGroup;
			children = (
				876706756D9AA87B6DBA7B5D /* Pods_ngePet.framework */,
			);
			name = Frameworks;
			sourceTree = "<group>";
		};
		B3B943B2063D2DEDD19CEFF7 /* Pods */ = {
			isa = PBXGroup;
			children = (
				22123D3FD30FCE545611D9E2 /* Pods-ngePet.debug.xcconfig */,
				80A505FD76123FD466A0B52D /* Pods-ngePet.release.xcconfig */,
			);
			path = Pods;
			sourceTree = "<group>";
		};
		F608DE9928407B6800432695 = {
			isa = PBXGroup;
			children = (
				F608DEA428407B6800432695 /* ngePet */,
				F608DEA328407B6800432695 /* Products */,
				B3B943B2063D2DEDD19CEFF7 /* Pods */,
				62900674BFA34AAFD139605C /* Frameworks */,
			);
			sourceTree = "<group>";
		};
		F608DEA328407B6800432695 /* Products */ = {
			isa = PBXGroup;
			children = (
				F608DEA228407B6800432695 /* ngePet.app */,
			);
			name = Products;
			sourceTree = "<group>";
		};
		F608DEA428407B6800432695 /* ngePet */ = {
			isa = PBXGroup;
			children = (
				F608DF062840832600432695 /* Info.plist */,
				F608DEC428407DDD00432695 /* ngePetApp.swift */,
				F608DEE428407DDD00432695 /* ContentView.swift */,
				F608DEC328407DDC00432695 /* Assets.xcassets */,
				F608DED628407DDD00432695 /* Components */,
				F608DEE228407DDD00432695 /* Controllers */,
				F608DEE128407DDD00432695 /* Models */,
				F608DEC128407DDC00432695 /* Repo */,
				F608DEC228407DDC00432695 /* ViewModels */,
				F608DEC528407DDD00432695 /* Views */,
				F608DEB728407D2B00432695 /* Fonts */,
				F608DEB328407C6700432695 /* GoogleService-Info.plist */,
				F608DEAB28407B6C00432695 /* Preview Content */,
				F608DEC028407DDC00432695 /* ngePet-Bridging-Header.h */,
			);
			path = ngePet;
			sourceTree = "<group>";
		};
		F608DEAB28407B6C00432695 /* Preview Content */ = {
			isa = PBXGroup;
			children = (
				F608DEAC28407B6C00432695 /* Preview Assets.xcassets */,
			);
			path = "Preview Content";
			sourceTree = "<group>";
		};
		F608DEB728407D2B00432695 /* Fonts */ = {
			isa = PBXGroup;
			children = (
				F608DEB828407D2C00432695 /* MPLUSRounded1c-Bold.ttf */,
				F608DEB928407D2C00432695 /* MPLUSRounded1c-ExtraBold.ttf */,
				F608DEBA28407D2C00432695 /* MPLUSRounded1c-Medium.ttf */,
				F608DEBB28407D2C00432695 /* MPLUSRounded1c-Regular.ttf */,
			);
			path = Fonts;
			sourceTree = "<group>";
		};
		F608DEC128407DDC00432695 /* Repo */ = {
			isa = PBXGroup;
			children = (
				F608DF092840B06800432695 /* FirebaseManager.swift */,
			);
			path = Repo;
			sourceTree = "<group>";
		};
		F608DEC228407DDC00432695 /* ViewModels */ = {
			isa = PBXGroup;
			children = (
				F608DF072840AA9900432695 /* MessagesListViewModel.swift */,
				F608DF132840D49500432695 /* CreateNewMessageViewModel.swift */,
				F6455F5F2841373B00B1A92E /* MessageRoomViewModel.swift */,
				F6455F672842282100B1A92E /* ArticleViewModel.swift */,
				F6455F6B284232E900B1A92E /* PetshopViewModel.swift */,
			);
			path = ViewModels;
			sourceTree = "<group>";
		};
		F608DEC528407DDD00432695 /* Views */ = {
			isa = PBXGroup;
			children = (
				F608DEC628407DDD00432695 /* BelanjaView.swift */,
				F608DEC728407DDD00432695 /* PostingForumView.swift */,
				F608DEC828407DDD00432695 /* ProfileView.swift */,
				F608DEC928407DDD00432695 /* MessageRoomView.swift */,
				F608DECA28407DDD00432695 /* LoginView.swift */,
				F608DECB28407DDD00432695 /* AddPetView.swift */,
				F608DECC28407DDD00432695 /* ParentProfileView.swift */,
				F608DECD28407DDD00432695 /* HomeView.swift */,
				F608DECE28407DDD00432695 /* DoctorView.swift */,
				F608DECF28407DDD00432695 /* CsutomTextField.swift */,
				F608DED028407DDD00432695 /* MainView.swift */,
				F608DED128407DDD00432695 /* ForumView.swift */,
				F608DED228407DDD00432695 /* AdopsiView.swift */,
				F608DED328407DDD00432695 /* PetshopView.swift */,
				F608DED428407DDD00432695 /* PetCardView.swift */,
				F608DED528407DDD00432695 /* MessagesListView.swift */,
				F608DF0F2840CFB800432695 /* DoctorListView.swift */,
				F608DF112840D02F00432695 /* TransactionHistoryView.swift */,
				F6B87E232842DD4B0028C324 /* ProductDetailView.swift */,
				F6B87E272842F1520028C324 /* AdoptDetailView.swift */,
				F6B87E292842F8020028C324 /* DoctorDetailView.swift */,
			);
			path = Views;
			sourceTree = "<group>";
		};
		F608DED628407DDD00432695 /* Components */ = {
			isa = PBXGroup;
			children = (
				F608DED728407DDD00432695 /* DisplayPetshopCard.swift */,
				F608DED828407DDD00432695 /* MessageList.swift */,
				F608DED928407DDD00432695 /* MiniAnimalCard.swift */,
				F608DEDA28407DDD00432695 /* BelanjaCard.swift */,
				F608DEDB28407DDD00432695 /* DisplayAdoptCard.swift */,
				F608DEDC28407DDD00432695 /* SearchBar.swift */,
				F608DEDD28407DDD00432695 /* AnimalCard.swift */,
				F608DEDE28407DDD00432695 /* ArticleBadge.swift */,
				F608DEDF28407DDD00432695 /* AdopsiCard.swift */,
				F608DEE028407DDD00432695 /* ForumCard.swift */,
				F6455F5D2841163B00B1A92E /* DoctorCard.swift */,
				F6455F612841D59C00B1A92E /* BubbleChat.swift */,
				F6B87E252842E9D40028C324 /* TransaksiSukses.swift */,
			);
			path = Components;
			sourceTree = "<group>";
		};
		F608DEE128407DDD00432695 /* Models */ = {
			isa = PBXGroup;
			children = (
				F608DF0B2840B52F00432695 /* MessageModel.swift */,
				F6455F632841E1F900B1A92E /* RecentMessageModel.swift */,
				F6455F65284226F900B1A92E /* ArticleModel.swift */,
				F6455F6928422FAC00B1A92E /* PetshopModel.swift */,
			);
			path = Models;
			sourceTree = "<group>";
		};
		F608DEE228407DDD00432695 /* Controllers */ = {
			isa = PBXGroup;
			children = (
				F608DEE328407DDD00432695 /* ImagePicker.swift */,
			);
			path = Controllers;
			sourceTree = "<group>";
		};
/* End PBXGroup section */

/* Begin PBXNativeTarget section */
		F608DEA128407B6800432695 /* ngePet */ = {
			isa = PBXNativeTarget;
			buildConfigurationList = F608DEB028407B6C00432695 /* Build configuration list for PBXNativeTarget "ngePet" */;
			buildPhases = (
				962B3FCA73DE53DF6D7A795D /* [CP] Check Pods Manifest.lock */,
				F608DE9E28407B6800432695 /* Sources */,
				F608DE9F28407B6800432695 /* Frameworks */,
				F608DEA028407B6800432695 /* Resources */,
				82AC63C40306E524445E9E4C /* [CP] Embed Pods Frameworks */,
			);
			buildRules = (
			);
			dependencies = (
			);
			name = ngePet;
			packageProductDependencies = (
				F608DF042840825800432695 /* SDWebImageSwiftUI */,
			);
			productName = ngePet;
			productReference = F608DEA228407B6800432695 /* ngePet.app */;
			productType = "com.apple.product-type.application";
		};
/* End PBXNativeTarget section */

/* Begin PBXProject section */
		F608DE9A28407B6800432695 /* Project object */ = {
			isa = PBXProject;
			attributes = {
				BuildIndependentTargetsInParallel = 1;
				LastSwiftUpdateCheck = 1330;
				LastUpgradeCheck = 1330;
				TargetAttributes = {
					F608DEA128407B6800432695 = {
						CreatedOnToolsVersion = 13.3;
						LastSwiftMigration = 1330;
					};
				};
			};
			buildConfigurationList = F608DE9D28407B6800432695 /* Build configuration list for PBXProject "ngePet" */;
			compatibilityVersion = "Xcode 13.0";
			developmentRegion = en;
			hasScannedForEncodings = 0;
			knownRegions = (
				en,
				Base,
			);
			mainGroup = F608DE9928407B6800432695;
			packageReferences = (
				F608DF032840825800432695 /* XCRemoteSwiftPackageReference "SDWebImageSwiftUI" */,
			);
			productRefGroup = F608DEA328407B6800432695 /* Products */;
			projectDirPath = "";
			projectRoot = "";
			targets = (
				F608DEA128407B6800432695 /* ngePet */,
			);
		};
/* End PBXProject section */

/* Begin PBXResourcesBuildPhase section */
		F608DEA028407B6800432695 /* Resources */ = {
			isa = PBXResourcesBuildPhase;
			buildActionMask = 2147483647;
			files = (
				F608DEBE28407D2C00432695 /* MPLUSRounded1c-Medium.ttf in Resources */,
				F608DEBC28407D2C00432695 /* MPLUSRounded1c-Bold.ttf in Resources */,
				F608DEBF28407D2C00432695 /* MPLUSRounded1c-Regular.ttf in Resources */,
				F608DEBD28407D2C00432695 /* MPLUSRounded1c-ExtraBold.ttf in Resources */,
				F608DEAD28407B6C00432695 /* Preview Assets.xcassets in Resources */,
				F608DEE528407DDD00432695 /* Assets.xcassets in Resources */,
				F608DEB428407C6700432695 /* GoogleService-Info.plist in Resources */,
			);
			runOnlyForDeploymentPostprocessing = 0;
		};
/* End PBXResourcesBuildPhase section */

/* Begin PBXShellScriptBuildPhase section */
		82AC63C40306E524445E9E4C /* [CP] Embed Pods Frameworks */ = {
			isa = PBXShellScriptBuildPhase;
			buildActionMask = 2147483647;
			files = (
			);
			inputFileListPaths = (
				"${PODS_ROOT}/Target Support Files/Pods-ngePet/Pods-ngePet-frameworks-${CONFIGURATION}-input-files.xcfilelist",
			);
			name = "[CP] Embed Pods Frameworks";
			outputFileListPaths = (
				"${PODS_ROOT}/Target Support Files/Pods-ngePet/Pods-ngePet-frameworks-${CONFIGURATION}-output-files.xcfilelist",
			);
			runOnlyForDeploymentPostprocessing = 0;
			shellPath = /bin/sh;
			shellScript = "\"${PODS_ROOT}/Target Support Files/Pods-ngePet/Pods-ngePet-frameworks.sh\"\n";
			showEnvVarsInLog = 0;
		};
		962B3FCA73DE53DF6D7A795D /* [CP] Check Pods Manifest.lock */ = {
			isa = PBXShellScriptBuildPhase;
			buildActionMask = 2147483647;
			files = (
			);
			inputFileListPaths = (
			);
			inputPaths = (
				"${PODS_PODFILE_DIR_PATH}/Podfile.lock",
				"${PODS_ROOT}/Manifest.lock",
			);
			name = "[CP] Check Pods Manifest.lock";
			outputFileListPaths = (
			);
			outputPaths = (
				"$(DERIVED_FILE_DIR)/Pods-ngePet-checkManifestLockResult.txt",
			);
			runOnlyForDeploymentPostprocessing = 0;
			shellPath = /bin/sh;
			shellScript = "diff \"${PODS_PODFILE_DIR_PATH}/Podfile.lock\" \"${PODS_ROOT}/Manifest.lock\" > /dev/null\nif [ $? != 0 ] ; then\n    # print error to STDERR\n    echo \"error: The sandbox is not in sync with the Podfile.lock. Run 'pod install' or update your CocoaPods installation.\" >&2\n    exit 1\nfi\n# This output is used by Xcode 'outputs' to avoid re-running this script phase.\necho \"SUCCESS\" > \"${SCRIPT_OUTPUT_FILE_0}\"\n";
			showEnvVarsInLog = 0;
		};
/* End PBXShellScriptBuildPhase section */

/* Begin PBXSourcesBuildPhase section */
		F608DE9E28407B6800432695 /* Sources */ = {
			isa = PBXSourcesBuildPhase;
			buildActionMask = 2147483647;
			files = (
				F6B87E282842F1530028C324 /* AdoptDetailView.swift in Sources */,
				F608DF082840AA9A00432695 /* MessagesListViewModel.swift in Sources */,
				F6B87E262842E9D40028C324 /* TransaksiSukses.swift in Sources */,
				F6455F6A28422FAC00B1A92E /* PetshopModel.swift in Sources */,
				F608DEEE28407DDD00432695 /* HomeView.swift in Sources */,
				F608DEFF28407DDD00432695 /* AdopsiCard.swift in Sources */,
				F608DF102840CFB800432695 /* DoctorListView.swift in Sources */,
				F608DF0C2840B52F00432695 /* MessageModel.swift in Sources */,
				F608DEF128407DDD00432695 /* MainView.swift in Sources */,
				F6B87E2A2842F8020028C324 /* DoctorDetailView.swift in Sources */,
				F608DEF328407DDD00432695 /* AdopsiView.swift in Sources */,
				F608DEF028407DDD00432695 /* CsutomTextField.swift in Sources */,
				F608DEF728407DDD00432695 /* DisplayPetshopCard.swift in Sources */,
				F608DEED28407DDD00432695 /* ParentProfileView.swift in Sources */,
				F608DEEB28407DDD00432695 /* LoginView.swift in Sources */,
				F6455F602841373C00B1A92E /* MessageRoomViewModel.swift in Sources */,
				F6B87E242842DD4B0028C324 /* ProductDetailView.swift in Sources */,
				F608DF0A2840B06800432695 /* FirebaseManager.swift in Sources */,
				F608DEE928407DDD00432695 /* ProfileView.swift in Sources */,
				F608DEF928407DDD00432695 /* MiniAnimalCard.swift in Sources */,
				F608DEFB28407DDD00432695 /* DisplayAdoptCard.swift in Sources */,
				F608DEF228407DDD00432695 /* ForumView.swift in Sources */,
				F608DEF628407DDD00432695 /* MessagesListView.swift in Sources */,
				F608DEE828407DDD00432695 /* PostingForumView.swift in Sources */,
				F608DEF428407DDD00432695 /* PetshopView.swift in Sources */,
				F608DEF828407DDD00432695 /* MessageList.swift in Sources */,
				F608DEFA28407DDD00432695 /* BelanjaCard.swift in Sources */,
				F6455F682842282100B1A92E /* ArticleViewModel.swift in Sources */,
				F6455F6C284232E900B1A92E /* PetshopViewModel.swift in Sources */,
				F608DF0128407DDD00432695 /* ImagePicker.swift in Sources */,
				F6455F622841D59C00B1A92E /* BubbleChat.swift in Sources */,
				F608DF0028407DDD00432695 /* ForumCard.swift in Sources */,
				F608DEFC28407DDD00432695 /* SearchBar.swift in Sources */,
				F6455F66284226F900B1A92E /* ArticleModel.swift in Sources */,
				F608DF142840D49500432695 /* CreateNewMessageViewModel.swift in Sources */,
				F608DEF528407DDD00432695 /* PetCardView.swift in Sources */,
				F608DEEA28407DDD00432695 /* MessageRoomView.swift in Sources */,
				F608DEE728407DDD00432695 /* BelanjaView.swift in Sources */,
				F6455F642841E1F900B1A92E /* RecentMessageModel.swift in Sources */,
				F6455F5E2841163B00B1A92E /* DoctorCard.swift in Sources */,
				F608DF122840D02F00432695 /* TransactionHistoryView.swift in Sources */,
				F608DEEF28407DDD00432695 /* DoctorView.swift in Sources */,
				F608DEEC28407DDD00432695 /* AddPetView.swift in Sources */,
				F608DEFE28407DDD00432695 /* ArticleBadge.swift in Sources */,
				F608DF0228407DDD00432695 /* ContentView.swift in Sources */,
				F608DEE628407DDD00432695 /* ngePetApp.swift in Sources */,
				F608DEFD28407DDD00432695 /* AnimalCard.swift in Sources */,
			);
			runOnlyForDeploymentPostprocessing = 0;
		};
/* End PBXSourcesBuildPhase section */

/* Begin XCBuildConfiguration section */
		F608DEAE28407B6C00432695 /* Debug */ = {
			isa = XCBuildConfiguration;
			buildSettings = {
				ALWAYS_SEARCH_USER_PATHS = NO;
				CLANG_ANALYZER_NONNULL = YES;
				CLANG_ANALYZER_NUMBER_OBJECT_CONVERSION = YES_AGGRESSIVE;
				CLANG_CXX_LANGUAGE_STANDARD = "gnu++17";
				CLANG_ENABLE_MODULES = YES;
				CLANG_ENABLE_OBJC_ARC = YES;
				CLANG_ENABLE_OBJC_WEAK = YES;
				CLANG_WARN_BLOCK_CAPTURE_AUTORELEASING = YES;
				CLANG_WARN_BOOL_CONVERSION = YES;
				CLANG_WARN_COMMA = YES;
				CLANG_WARN_CONSTANT_CONVERSION = YES;
				CLANG_WARN_DEPRECATED_OBJC_IMPLEMENTATIONS = YES;
				CLANG_WARN_DIRECT_OBJC_ISA_USAGE = YES_ERROR;
				CLANG_WARN_DOCUMENTATION_COMMENTS = YES;
				CLANG_WARN_EMPTY_BODY = YES;
				CLANG_WARN_ENUM_CONVERSION = YES;
				CLANG_WARN_INFINITE_RECURSION = YES;
				CLANG_WARN_INT_CONVERSION = YES;
				CLANG_WARN_NON_LITERAL_NULL_CONVERSION = YES;
				CLANG_WARN_OBJC_IMPLICIT_RETAIN_SELF = YES;
				CLANG_WARN_OBJC_LITERAL_CONVERSION = YES;
				CLANG_WARN_OBJC_ROOT_CLASS = YES_ERROR;
				CLANG_WARN_QUOTED_INCLUDE_IN_FRAMEWORK_HEADER = YES;
				CLANG_WARN_RANGE_LOOP_ANALYSIS = YES;
				CLANG_WARN_STRICT_PROTOTYPES = YES;
				CLANG_WARN_SUSPICIOUS_MOVE = YES;
				CLANG_WARN_UNGUARDED_AVAILABILITY = YES_AGGRESSIVE;
				CLANG_WARN_UNREACHABLE_CODE = YES;
				CLANG_WARN__DUPLICATE_METHOD_MATCH = YES;
				COPY_PHASE_STRIP = NO;
				DEBUG_INFORMATION_FORMAT = dwarf;
				ENABLE_STRICT_OBJC_MSGSEND = YES;
				ENABLE_TESTABILITY = YES;
				GCC_C_LANGUAGE_STANDARD = gnu11;
				GCC_DYNAMIC_NO_PIC = NO;
				GCC_NO_COMMON_BLOCKS = YES;
				GCC_OPTIMIZATION_LEVEL = 0;
				GCC_PREPROCESSOR_DEFINITIONS = (
					"DEBUG=1",
					"$(inherited)",
				);
				GCC_WARN_64_TO_32_BIT_CONVERSION = YES;
				GCC_WARN_ABOUT_RETURN_TYPE = YES_ERROR;
				GCC_WARN_UNDECLARED_SELECTOR = YES;
				GCC_WARN_UNINITIALIZED_AUTOS = YES_AGGRESSIVE;
				GCC_WARN_UNUSED_FUNCTION = YES;
				GCC_WARN_UNUSED_VARIABLE = YES;
				IPHONEOS_DEPLOYMENT_TARGET = 15.4;
				MTL_ENABLE_DEBUG_INFO = INCLUDE_SOURCE;
				MTL_FAST_MATH = YES;
				ONLY_ACTIVE_ARCH = YES;
				SDKROOT = iphoneos;
				SWIFT_ACTIVE_COMPILATION_CONDITIONS = DEBUG;
				SWIFT_OPTIMIZATION_LEVEL = "-Onone";
			};
			name = Debug;
		};
		F608DEAF28407B6C00432695 /* Release */ = {
			isa = XCBuildConfiguration;
			buildSettings = {
				ALWAYS_SEARCH_USER_PATHS = NO;
				CLANG_ANALYZER_NONNULL = YES;
				CLANG_ANALYZER_NUMBER_OBJECT_CONVERSION = YES_AGGRESSIVE;
				CLANG_CXX_LANGUAGE_STANDARD = "gnu++17";
				CLANG_ENABLE_MODULES = YES;
				CLANG_ENABLE_OBJC_ARC = YES;
				CLANG_ENABLE_OBJC_WEAK = YES;
				CLANG_WARN_BLOCK_CAPTURE_AUTORELEASING = YES;
				CLANG_WARN_BOOL_CONVERSION = YES;
				CLANG_WARN_COMMA = YES;
				CLANG_WARN_CONSTANT_CONVERSION = YES;
				CLANG_WARN_DEPRECATED_OBJC_IMPLEMENTATIONS = YES;
				CLANG_WARN_DIRECT_OBJC_ISA_USAGE = YES_ERROR;
				CLANG_WARN_DOCUMENTATION_COMMENTS = YES;
				CLANG_WARN_EMPTY_BODY = YES;
				CLANG_WARN_ENUM_CONVERSION = YES;
				CLANG_WARN_INFINITE_RECURSION = YES;
				CLANG_WARN_INT_CONVERSION = YES;
				CLANG_WARN_NON_LITERAL_NULL_CONVERSION = YES;
				CLANG_WARN_OBJC_IMPLICIT_RETAIN_SELF = YES;
				CLANG_WARN_OBJC_LITERAL_CONVERSION = YES;
				CLANG_WARN_OBJC_ROOT_CLASS = YES_ERROR;
				CLANG_WARN_QUOTED_INCLUDE_IN_FRAMEWORK_HEADER = YES;
				CLANG_WARN_RANGE_LOOP_ANALYSIS = YES;
				CLANG_WARN_STRICT_PROTOTYPES = YES;
				CLANG_WARN_SUSPICIOUS_MOVE = YES;
				CLANG_WARN_UNGUARDED_AVAILABILITY = YES_AGGRESSIVE;
				CLANG_WARN_UNREACHABLE_CODE = YES;
				CLANG_WARN__DUPLICATE_METHOD_MATCH = YES;
				COPY_PHASE_STRIP = NO;
				DEBUG_INFORMATION_FORMAT = "dwarf-with-dsym";
				ENABLE_NS_ASSERTIONS = NO;
				ENABLE_STRICT_OBJC_MSGSEND = YES;
				GCC_C_LANGUAGE_STANDARD = gnu11;
				GCC_NO_COMMON_BLOCKS = YES;
				GCC_WARN_64_TO_32_BIT_CONVERSION = YES;
				GCC_WARN_ABOUT_RETURN_TYPE = YES_ERROR;
				GCC_WARN_UNDECLARED_SELECTOR = YES;
				GCC_WARN_UNINITIALIZED_AUTOS = YES_AGGRESSIVE;
				GCC_WARN_UNUSED_FUNCTION = YES;
				GCC_WARN_UNUSED_VARIABLE = YES;
				IPHONEOS_DEPLOYMENT_TARGET = 15.4;
				MTL_ENABLE_DEBUG_INFO = NO;
				MTL_FAST_MATH = YES;
				SDKROOT = iphoneos;
				SWIFT_COMPILATION_MODE = wholemodule;
				SWIFT_OPTIMIZATION_LEVEL = "-O";
				VALIDATE_PRODUCT = YES;
			};
			name = Release;
		};
		F608DEB128407B6C00432695 /* Debug */ = {
			isa = XCBuildConfiguration;
			baseConfigurationReference = 22123D3FD30FCE545611D9E2 /* Pods-ngePet.debug.xcconfig */;
			buildSettings = {
				ASSETCATALOG_COMPILER_APPICON_NAME = AppIcon;
				ASSETCATALOG_COMPILER_GLOBAL_ACCENT_COLOR_NAME = AccentColor;
				CLANG_ENABLE_MODULES = YES;
				CODE_SIGN_STYLE = Automatic;
				CURRENT_PROJECT_VERSION = 1;
				DEVELOPMENT_ASSET_PATHS = "\"ngePet/Preview Content\"";
				DEVELOPMENT_TEAM = 39B633LG23;
				ENABLE_PREVIEWS = YES;
				GENERATE_INFOPLIST_FILE = YES;
				INFOPLIST_FILE = ngePet/Info.plist;
				INFOPLIST_KEY_CFBundleDisplayName = "ngēPet";
				INFOPLIST_KEY_NSCameraUsageDescription = "Izinkan penggunaan kamera untuk mengambil foto profil";
				INFOPLIST_KEY_NSPhotoLibraryUsageDescription = "Izinkan mengakses Photos untuk memilih foto profil";
				INFOPLIST_KEY_UIApplicationSceneManifest_Generation = YES;
				INFOPLIST_KEY_UIApplicationSupportsIndirectInputEvents = YES;
				INFOPLIST_KEY_UISupportedInterfaceOrientations_iPad = UIInterfaceOrientationPortrait;
				INFOPLIST_KEY_UISupportedInterfaceOrientations_iPhone = UIInterfaceOrientationPortrait;
				INFOPLIST_KEY_UIUserInterfaceStyle = Light;
				LD_RUNPATH_SEARCH_PATHS = (
					"$(inherited)",
					"@executable_path/Frameworks",
				);
				MARKETING_VERSION = 1.0;
				PRODUCT_BUNDLE_IDENTIFIER = com.irhamnaufal8.ngePet;
				PRODUCT_NAME = "$(TARGET_NAME)";
				SWIFT_EMIT_LOC_STRINGS = YES;
				SWIFT_OBJC_BRIDGING_HEADER = "ngePet/ngePet-Bridging-Header.h";
				SWIFT_OPTIMIZATION_LEVEL = "-Onone";
				SWIFT_VERSION = 5.0;
				TARGETED_DEVICE_FAMILY = "1,2";
			};
			name = Debug;
		};
		F608DEB228407B6C00432695 /* Release */ = {
			isa = XCBuildConfiguration;
			baseConfigurationReference = 80A505FD76123FD466A0B52D /* Pods-ngePet.release.xcconfig */;
			buildSettings = {
				ASSETCATALOG_COMPILER_APPICON_NAME = AppIcon;
				ASSETCATALOG_COMPILER_GLOBAL_ACCENT_COLOR_NAME = AccentColor;
				CLANG_ENABLE_MODULES = YES;
				CODE_SIGN_STYLE = Automatic;
				CURRENT_PROJECT_VERSION = 1;
				DEVELOPMENT_ASSET_PATHS = "\"ngePet/Preview Content\"";
				DEVELOPMENT_TEAM = 39B633LG23;
				ENABLE_PREVIEWS = YES;
				GENERATE_INFOPLIST_FILE = YES;
				INFOPLIST_FILE = ngePet/Info.plist;
				INFOPLIST_KEY_CFBundleDisplayName = "ngēPet";
				INFOPLIST_KEY_NSCameraUsageDescription = "Izinkan penggunaan kamera untuk mengambil foto profil";
				INFOPLIST_KEY_NSPhotoLibraryUsageDescription = "Izinkan mengakses Photos untuk memilih foto profil";
				INFOPLIST_KEY_UIApplicationSceneManifest_Generation = YES;
				INFOPLIST_KEY_UIApplicationSupportsIndirectInputEvents = YES;
				INFOPLIST_KEY_UISupportedInterfaceOrientations_iPad = UIInterfaceOrientationPortrait;
				INFOPLIST_KEY_UISupportedInterfaceOrientations_iPhone = UIInterfaceOrientationPortrait;
				INFOPLIST_KEY_UIUserInterfaceStyle = Light;
				LD_RUNPATH_SEARCH_PATHS = (
					"$(inherited)",
					"@executable_path/Frameworks",
				);
				MARKETING_VERSION = 1.0;
				PRODUCT_BUNDLE_IDENTIFIER = com.irhamnaufal8.ngePet;
				PRODUCT_NAME = "$(TARGET_NAME)";
				SWIFT_EMIT_LOC_STRINGS = YES;
				SWIFT_OBJC_BRIDGING_HEADER = "ngePet/ngePet-Bridging-Header.h";
				SWIFT_VERSION = 5.0;
				TARGETED_DEVICE_FAMILY = "1,2";
			};
			name = Release;
		};
/* End XCBuildConfiguration section */

/* Begin XCConfigurationList section */
		F608DE9D28407B6800432695 /* Build configuration list for PBXProject "ngePet" */ = {
			isa = XCConfigurationList;
			buildConfigurations = (
				F608DEAE28407B6C00432695 /* Debug */,
				F608DEAF28407B6C00432695 /* Release */,
			);
			defaultConfigurationIsVisible = 0;
			defaultConfigurationName = Release;
		};
		F608DEB028407B6C00432695 /* Build configuration list for PBXNativeTarget "ngePet" */ = {
			isa = XCConfigurationList;
			buildConfigurations = (
				F608DEB128407B6C00432695 /* Debug */,
				F608DEB228407B6C00432695 /* Release */,
			);
			defaultConfigurationIsVisible = 0;
			defaultConfigurationName = Release;
		};
/* End XCConfigurationList section */

/* Begin XCRemoteSwiftPackageReference section */
		F608DF032840825800432695 /* XCRemoteSwiftPackageReference "SDWebImageSwiftUI" */ = {
			isa = XCRemoteSwiftPackageReference;
			repositoryURL = "https://github.com/SDWebImage/SDWebImageSwiftUI.git";
			requirement = {
				kind = upToNextMajorVersion;
				minimumVersion = 2.0.0;
			};
		};
/* End XCRemoteSwiftPackageReference section */

/* Begin XCSwiftPackageProductDependency section */
		F608DF042840825800432695 /* SDWebImageSwiftUI */ = {
			isa = XCSwiftPackageProductDependency;
			package = F608DF032840825800432695 /* XCRemoteSwiftPackageReference "SDWebImageSwiftUI" */;
			productName = SDWebImageSwiftUI;
		};
/* End XCSwiftPackageProductDependency section */
	};
	rootObject = F608DE9A28407B6800432695 /* Project object */;
}
